
Microsoft Visual Studio Solution File, Format Version 12.00
# Visual Studio Version 17
VisualStudioVersion = 17.6.33712.159
MinimumVisualStudioVersion = 10.0.40219.1
Project("{FAE04EC0-301F-11D3-BF4B-00C04F79EFBC}") = "Multiview", "Multiview\Multiview.csproj", "{156ACA14-CFFD-47D4-A739-683CBFC8FACE}"
EndProject
Global
	GlobalSection(SolutionConfigurationPlatforms) = preSolution
		Debug|Any CPU = Debug|Any CPU
		Release|Any CPU = Release|Any CPU
	EndGlobalSection
	GlobalSection(ProjectConfigurationPlatforms) = postSolution
		{156ACA14-CFFD-47D4-A739-683CBFC8FACE}.Debug|Any CPU.ActiveCfg = Debug|Any CPU
		{156ACA14-CFFD-47D4-A739-683CBFC8FACE}.Debug|Any CPU.Build.0 = Debug|Any CPU
		{156ACA14-CFFD-47D4-A739-683CBFC8FACE}.Release|Any CPU.ActiveCfg = Release|Any CPU
		{156ACA14-CFFD-47D4-A739-683CBFC8FACE}.Release|Any CPU.Build.0 = Release|Any CPU
	EndGlobalSection
	GlobalSection(SolutionProperties) = preSolution
		HideSolutionNode = FALSE
	EndGlobalSection
	GlobalSection(ExtensibilityGlobals) = postSolution
		SolutionGuid = {831B0D48-D5F4-44D6-AE8E-6ED2F46DF65E}
	EndGlobalSection
EndGlobal
